
Microsoft Visual Studio Solution File, Format Version 12.00
# Visual Studio Version 16
VisualStudioVersion = 16.0.31624.102
MinimumVisualStudioVersion = 10.0.40219.1
Project("{9A19103F-16F7-4668-BE54-9A1E7A4F7556}") = "GrpcServer.ProtoFirst", "src\GrpcServer.ProtoFirst\GrpcServer.ProtoFirst.csproj", "{05F8B3CB-A510-4B40-9936-661575FD9F46}"
EndProject
Project("{2150E333-8FDC-42A3-9474-1A3956D46DE8}") = "src", "src", "{5872E529-D866-4807-86B0-DCB0D5E2CBFF}"
EndProject
Project("{9A19103F-16F7-4668-BE54-9A1E7A4F7556}") = "GrpcClient.ProtoFirst", "src\GrpcClient.ProtoFirst\GrpcClient.ProtoFirst.csproj", "{B8BBF868-8E33-45DA-A3F3-7E49ADC235A0}"
EndProject
Project("{9A19103F-16F7-4668-BE54-9A1E7A4F7556}") = "GrpcRouter.ProtoFirst", "src\GrpcRouter\GrpcRouter.ProtoFirst.csproj", "{9630C782-2A7C-45EC-AC66-2DC7136B47FF}"
EndProject
Project("{9A19103F-16F7-4668-BE54-9A1E7A4F7556}") = "GprcModel.CodeFirst", "src\GprcModel.CodeFirst\GprcModel.CodeFirst.csproj", "{B58F9F56-FBF9-49F2-AD4E-65086C03B6E2}"
EndProject
Project("{2150E333-8FDC-42A3-9474-1A3956D46DE8}") = "test", "test", "{B9F18F13-D229-4E9C-AD3F-7395BDBD2DB4}"
EndProject
Project("{9A19103F-16F7-4668-BE54-9A1E7A4F7556}") = "GrpcServer.ProtoFirst.Test", "test\GrpcServer.ProtoFirst.Test\GrpcServer.ProtoFirst.Test.csproj", "{FAAC6030-6B6B-4D72-B8FB-57E2A240106F}"
EndProject
Project("{2150E333-8FDC-42A3-9474-1A3956D46DE8}") = "Solution Items", "Solution Items", "{DE2DFC3C-6956-4193-9436-6E36631E2080}"
	ProjectSection(SolutionItems) = preProject
		.editorconfig = .editorconfig
	EndProjectSection
EndProject
Global
	GlobalSection(SolutionConfigurationPlatforms) = preSolution
		Debug|Any CPU = Debug|Any CPU
		Release|Any CPU = Release|Any CPU
	EndGlobalSection
	GlobalSection(ProjectConfigurationPlatforms) = postSolution
		{05F8B3CB-A510-4B40-9936-661575FD9F46}.Debug|Any CPU.ActiveCfg = Debug|Any CPU
		{05F8B3CB-A510-4B40-9936-661575FD9F46}.Debug|Any CPU.Build.0 = Debug|Any CPU
		{05F8B3CB-A510-4B40-9936-661575FD9F46}.Release|Any CPU.ActiveCfg = Release|Any CPU
		{05F8B3CB-A510-4B40-9936-661575FD9F46}.Release|Any CPU.Build.0 = Release|Any CPU
		{B8BBF868-8E33-45DA-A3F3-7E49ADC235A0}.Debug|Any CPU.ActiveCfg = Debug|Any CPU
		{B8BBF868-8E33-45DA-A3F3-7E49ADC235A0}.Debug|Any CPU.Build.0 = Debug|Any CPU
		{B8BBF868-8E33-45DA-A3F3-7E49ADC235A0}.Release|Any CPU.ActiveCfg = Release|Any CPU
		{B8BBF868-8E33-45DA-A3F3-7E49ADC235A0}.Release|Any CPU.Build.0 = Release|Any CPU
		{9630C782-2A7C-45EC-AC66-2DC7136B47FF}.Debug|Any CPU.ActiveCfg = Debug|Any CPU
		{9630C782-2A7C-45EC-AC66-2DC7136B47FF}.Debug|Any CPU.Build.0 = Debug|Any CPU
		{9630C782-2A7C-45EC-AC66-2DC7136B47FF}.Release|Any CPU.ActiveCfg = Release|Any CPU
		{9630C782-2A7C-45EC-AC66-2DC7136B47FF}.Release|Any CPU.Build.0 = Release|Any CPU
		{B58F9F56-FBF9-49F2-AD4E-65086C03B6E2}.Debug|Any CPU.ActiveCfg = Debug|Any CPU
		{B58F9F56-FBF9-49F2-AD4E-65086C03B6E2}.Debug|Any CPU.Build.0 = Debug|Any CPU
		{B58F9F56-FBF9-49F2-AD4E-65086C03B6E2}.Release|Any CPU.ActiveCfg = Release|Any CPU
		{B58F9F56-FBF9-49F2-AD4E-65086C03B6E2}.Release|Any CPU.Build.0 = Release|Any CPU
		{FAAC6030-6B6B-4D72-B8FB-57E2A240106F}.Debug|Any CPU.ActiveCfg = Debug|Any CPU
		{FAAC6030-6B6B-4D72-B8FB-57E2A240106F}.Debug|Any CPU.Build.0 = Debug|Any CPU
		{FAAC6030-6B6B-4D72-B8FB-57E2A240106F}.Release|Any CPU.ActiveCfg = Release|Any CPU
		{FAAC6030-6B6B-4D72-B8FB-57E2A240106F}.Release|Any CPU.Build.0 = Release|Any CPU
	EndGlobalSection
	GlobalSection(SolutionProperties) = preSolution
		HideSolutionNode = FALSE
	EndGlobalSection
	GlobalSection(NestedProjects) = preSolution
		{05F8B3CB-A510-4B40-9936-661575FD9F46} = {5872E529-D866-4807-86B0-DCB0D5E2CBFF}
		{B8BBF868-8E33-45DA-A3F3-7E49ADC235A0} = {5872E529-D866-4807-86B0-DCB0D5E2CBFF}
		{9630C782-2A7C-45EC-AC66-2DC7136B47FF} = {5872E529-D866-4807-86B0-DCB0D5E2CBFF}
		{B58F9F56-FBF9-49F2-AD4E-65086C03B6E2} = {5872E529-D866-4807-86B0-DCB0D5E2CBFF}
		{FAAC6030-6B6B-4D72-B8FB-57E2A240106F} = {B9F18F13-D229-4E9C-AD3F-7395BDBD2DB4}
	EndGlobalSection
	GlobalSection(ExtensibilityGlobals) = postSolution
		SolutionGuid = {D8F5E3C0-7EF3-4C9F-BAE9-6AEF90B42F95}
	EndGlobalSection
EndGlobal
